
Microsoft Visual Studio Solution File, Format Version 12.00
# Visual Studio Version 16
VisualStudioVersion = 16.0.30711.63
MinimumVisualStudioVersion = 10.0.40219.1
Project("{FAE04EC0-301F-11D3-BF4B-00C04F79EFBC}") = "SCS.Api", "SCS.Api.csproj", "{9DE089DE-9302-47F0-9637-9187163E8FA9}"
EndProject
Global
	GlobalSection(SolutionConfigurationPlatforms) = preSolution
		Debug|Any CPU = Debug|Any CPU
		Release|Any CPU = Release|Any CPU
	EndGlobalSection
	GlobalSection(ProjectConfigurationPlatforms) = postSolution
		{9DE089DE-9302-47F0-9637-9187163E8FA9}.Debug|Any CPU.ActiveCfg = Debug|Any CPU
		{9DE089DE-9302-47F0-9637-9187163E8FA9}.Debug|Any CPU.Build.0 = Debug|Any CPU
		{9DE089DE-9302-47F0-9637-9187163E8FA9}.Release|Any CPU.ActiveCfg = Release|Any CPU
		{9DE089DE-9302-47F0-9637-9187163E8FA9}.Release|Any CPU.Build.0 = Release|Any CPU
	EndGlobalSection
	GlobalSection(SolutionProperties) = preSolution
		HideSolutionNode = FALSE
	EndGlobalSection
	GlobalSection(ExtensibilityGlobals) = postSolution
		SolutionGuid = {9D5609FE-DBA3-4899-AA11-BBB13BDB24C9}
	EndGlobalSection
EndGlobal
